
Microsoft Visual Studio Solution File, Format Version 12.00
# Visual Studio Version 17
VisualStudioVersion = 17.11.35303.130
MinimumVisualStudioVersion = 10.0.40219.1
Project("{FAE04EC0-301F-11D3-BF4B-00C04F79EFBC}") = "ConvertorUSDtoEUR", "ConvertorUSDtoEUR\ConvertorUSDtoEUR.csproj", "{57E10FD6-57B5-4110-BDDE-AE51FAB9B38C}"
EndProject
Project("{FAE04EC0-301F-11D3-BF4B-00C04F79EFBC}") = "FourOperations", "FourOperations\FourOperations.csproj", "{9A508DA0-EFE3-494E-9043-5B9A520F7CEA}"
EndProject
Project("{FAE04EC0-301F-11D3-BF4B-00C04F79EFBC}") = "Market", "Market\Market.csproj", "{6667A43C-8757-4A38-B51D-9D023589BF61}"
EndProject
Project("{FAE04EC0-301F-11D3-BF4B-00C04F79EFBC}") = "Tiles", "Tiles\Tiles.csproj", "{AC2ED89A-1A48-4CF9-A17E-C912C588AD68}"
EndProject
Project("{FAE04EC0-301F-11D3-BF4B-00C04F79EFBC}") = "DepositCalculator", "DepositCalculator\DepositCalculator.csproj", "{53347DCB-D0DD-47EF-B312-A9F1C9128BF4}"
EndProject
Global
	GlobalSection(SolutionConfigurationPlatforms) = preSolution
		Debug|Any CPU = Debug|Any CPU
		Release|Any CPU = Release|Any CPU
	EndGlobalSection
	GlobalSection(ProjectConfigurationPlatforms) = postSolution
		{57E10FD6-57B5-4110-BDDE-AE51FAB9B38C}.Debug|Any CPU.ActiveCfg = Debug|Any CPU
		{57E10FD6-57B5-4110-BDDE-AE51FAB9B38C}.Debug|Any CPU.Build.0 = Debug|Any CPU
		{57E10FD6-57B5-4110-BDDE-AE51FAB9B38C}.Release|Any CPU.ActiveCfg = Release|Any CPU
		{57E10FD6-57B5-4110-BDDE-AE51FAB9B38C}.Release|Any CPU.Build.0 = Release|Any CPU
		{9A508DA0-EFE3-494E-9043-5B9A520F7CEA}.Debug|Any CPU.ActiveCfg = Debug|Any CPU
		{9A508DA0-EFE3-494E-9043-5B9A520F7CEA}.Debug|Any CPU.Build.0 = Debug|Any CPU
		{9A508DA0-EFE3-494E-9043-5B9A520F7CEA}.Release|Any CPU.ActiveCfg = Release|Any CPU
		{9A508DA0-EFE3-494E-9043-5B9A520F7CEA}.Release|Any CPU.Build.0 = Release|Any CPU
		{6667A43C-8757-4A38-B51D-9D023589BF61}.Debug|Any CPU.ActiveCfg = Debug|Any CPU
		{6667A43C-8757-4A38-B51D-9D023589BF61}.Debug|Any CPU.Build.0 = Debug|Any CPU
		{6667A43C-8757-4A38-B51D-9D023589BF61}.Release|Any CPU.ActiveCfg = Release|Any CPU
		{6667A43C-8757-4A38-B51D-9D023589BF61}.Release|Any CPU.Build.0 = Release|Any CPU
		{AC2ED89A-1A48-4CF9-A17E-C912C588AD68}.Debug|Any CPU.ActiveCfg = Debug|Any CPU
		{AC2ED89A-1A48-4CF9-A17E-C912C588AD68}.Debug|Any CPU.Build.0 = Debug|Any CPU
		{AC2ED89A-1A48-4CF9-A17E-C912C588AD68}.Release|Any CPU.ActiveCfg = Release|Any CPU
		{AC2ED89A-1A48-4CF9-A17E-C912C588AD68}.Release|Any CPU.Build.0 = Release|Any CPU
		{53347DCB-D0DD-47EF-B312-A9F1C9128BF4}.Debug|Any CPU.ActiveCfg = Debug|Any CPU
		{53347DCB-D0DD-47EF-B312-A9F1C9128BF4}.Debug|Any CPU.Build.0 = Debug|Any CPU
		{53347DCB-D0DD-47EF-B312-A9F1C9128BF4}.Release|Any CPU.ActiveCfg = Release|Any CPU
		{53347DCB-D0DD-47EF-B312-A9F1C9128BF4}.Release|Any CPU.Build.0 = Release|Any CPU
	EndGlobalSection
	GlobalSection(SolutionProperties) = preSolution
		HideSolutionNode = FALSE
	EndGlobalSection
	GlobalSection(ExtensibilityGlobals) = postSolution
		SolutionGuid = {D3995A20-FD1F-4023-99A7-DA7AAA537A8C}
	EndGlobalSection
EndGlobal
